// !$*UTF8*$!
{
	archiveVersion = 1;
	classes = {
	};
	objectVersion = 50;
	objects = {

/* Begin PBXBuildFile section */
		C8D1E68A21E35AFE009AFCB0 /* AppDelegate.swift in Sources */ = {isa = PBXBuildFile; fileRef = C8D1E68921E35AFE009AFCB0 /* AppDelegate.swift */; };
		C8D1E68C21E35AFE009AFCB0 /* art.scnassets in Resources */ = {isa = PBXBuildFile; fileRef = C8D1E68B21E35AFE009AFCB0 /* art.scnassets */; };
		C8D1E68E21E35AFE009AFCB0 /* ViewController.swift in Sources */ = {isa = PBXBuildFile; fileRef = C8D1E68D21E35AFE009AFCB0 /* ViewController.swift */; };
		C8D1E69121E35AFE009AFCB0 /* Main.storyboard in Resources */ = {isa = PBXBuildFile; fileRef = C8D1E68F21E35AFE009AFCB0 /* Main.storyboard */; };
		C8D1E69321E35B01009AFCB0 /* Assets.xcassets in Resources */ = {isa = PBXBuildFile; fileRef = C8D1E69221E35B01009AFCB0 /* Assets.xcassets */; };
		C8D1E69621E35B01009AFCB0 /* LaunchScreen.storyboard in Resources */ = {isa = PBXBuildFile; fileRef = C8D1E69421E35B01009AFCB0 /* LaunchScreen.storyboard */; };
/* End PBXBuildFile section */

/* Begin PBXFileReference section */
		C8D1E68621E35AFE009AFCB0 /* RealTimeRectangleDetection.app */ = {isa = PBXFileReference; explicitFileType = wrapper.application; includeInIndex = 0; path = RealTimeRectangleDetection.app; sourceTree = BUILT_PRODUCTS_DIR; };
		C8D1E68921E35AFE009AFCB0 /* AppDelegate.swift */ = {isa = PBXFileReference; lastKnownFileType = sourcecode.swift; path = AppDelegate.swift; sourceTree = "<group>"; };
		C8D1E68B21E35AFE009AFCB0 /* art.scnassets */ = {isa = PBXFileReference; lastKnownFileType = wrapper.scnassets; path = art.scnassets; sourceTree = "<group>"; };
		C8D1E68D21E35AFE009AFCB0 /* ViewController.swift */ = {isa = PBXFileReference; lastKnownFileType = sourcecode.swift; path = ViewController.swift; sourceTree = "<group>"; };
		C8D1E69021E35AFE009AFCB0 /* Base */ = {isa = PBXFileReference; lastKnownFileType = file.storyboard; name = Base; path = Base.lproj/Main.storyboard; sourceTree = "<group>"; };
		C8D1E69221E35B01009AFCB0 /* Assets.xcassets */ = {isa = PBXFileReference; lastKnownFileType = folder.assetcatalog; path = Assets.xcassets; sourceTree = "<group>"; };
		C8D1E69521E35B01009AFCB0 /* Base */ = {isa = PBXFileReference; lastKnownFileType = file.storyboard; name = Base; path = Base.lproj/LaunchScreen.storyboard; sourceTree = "<group>"; };
		C8D1E69721E35B01009AFCB0 /* Info.plist */ = {isa = PBXFileReference; lastKnownFileType = text.plist.xml; path = Info.plist; sourceTree = "<group>"; };
/* End PBXFileReference section */

/* Begin PBXFrameworksBuildPhase section */
		C8D1E68321E35AFE009AFCB0 /* Frameworks */ = {
			isa = PBXFrameworksBuildPhase;
			buildActionMask = 2147483647;
			files = (
			);
			runOnlyForDeploymentPostprocessing = 0;
		};
/* End PBXFrameworksBuildPhase section */

/* Begin PBXGroup section */
		C8D1E67D21E35AFE009AFCB0 = {
			isa = PBXGroup;
			children = (
				C8D1E68821E35AFE009AFCB0 /* RealTimeRectangleDetection */,
				C8D1E68721E35AFE009AFCB0 /* Products */,
			);
			sourceTree = "<group>";
		};
		C8D1E68721E35AFE009AFCB0 /* Products */ = {
			isa = PBXGroup;
			children = (
				C8D1E68621E35AFE009AFCB0 /* RealTimeRectangleDetection.app */,
			);
			name = Products;
			sourceTree = "<group>";
		};
		C8D1E68821E35AFE009AFCB0 /* RealTimeRectangleDetection */ = {
			isa = PBXGroup;
			children = (
				C8D1E68921E35AFE009AFCB0 /* AppDelegate.swift */,
				C8D1E68B21E35AFE009AFCB0 /* art.scnassets */,
				C8D1E68D21E35AFE009AFCB0 /* ViewController.swift */,
				C8D1E68F21E35AFE009AFCB0 /* Main.storyboard */,
				C8D1E69221E35B01009AFCB0 /* Assets.xcassets */,
				C8D1E69421E35B01009AFCB0 /* LaunchScreen.storyboard */,
				C8D1E69721E35B01009AFCB0 /* Info.plist */,
			);
			path = RealTimeRectangleDetection;
			sourceTree = "<group>";
		};
/* End PBXGroup section */

/* Begin PBXNativeTarget section */
		C8D1E68521E35AFE009AFCB0 /* RealTimeRectangleDetection */ = {
			isa = PBXNativeTarget;
			buildConfigurationList = C8D1E69A21E35B01009AFCB0 /* Build configuration list for PBXNativeTarget "RealTimeRectangleDetection" */;
			buildPhases = (
				C8D1E68221E35AFE009AFCB0 /* Sources */,
				C8D1E68321E35AFE009AFCB0 /* Frameworks */,
				C8D1E68421E35AFE009AFCB0 /* Resources */,
			);
			buildRules = (
			);
			dependencies = (
			);
			name = RealTimeRectangleDetection;
			productName = RealTimeRectangleDetection;
			productReference = C8D1E68621E35AFE009AFCB0 /* RealTimeRectangleDetection.app */;
			productType = "com.apple.product-type.application";
		};
/* End PBXNativeTarget section */

/* Begin PBXProject section */
		C8D1E67E21E35AFE009AFCB0 /* Project object */ = {
			isa = PBXProject;
			attributes = {
				LastSwiftUpdateCheck = 1010;
				LastUpgradeCheck = 1010;
				ORGANIZATIONNAME = Nob;
				TargetAttributes = {
					C8D1E68521E35AFE009AFCB0 = {
						CreatedOnToolsVersion = 10.1;
					};
				};
			};
			buildConfigurationList = C8D1E68121E35AFE009AFCB0 /* Build configuration list for PBXProject "RealTimeRectangleDetection" */;
			compatibilityVersion = "Xcode 9.3";
			developmentRegion = en;
			hasScannedForEncodings = 0;
			knownRegions = (
				en,
				Base,
			);
			mainGroup = C8D1E67D21E35AFE009AFCB0;
			productRefGroup = C8D1E68721E35AFE009AFCB0 /* Products */;
			projectDirPath = "";
			projectRoot = "";
			targets = (
				C8D1E68521E35AFE009AFCB0 /* RealTimeRectangleDetection */,
			);
		};
/* End PBXProject section */

/* Begin PBXResourcesBuildPhase section */
		C8D1E68421E35AFE009AFCB0 /* Resources */ = {
			isa = PBXResourcesBuildPhase;
			buildActionMask = 2147483647;
			files = (
				C8D1E68C21E35AFE009AFCB0 /* art.scnassets in Resources */,
				C8D1E69621E35B01009AFCB0 /* LaunchScreen.storyboard in Resources */,
				C8D1E69321E35B01009AFCB0 /* Assets.xcassets in Resources */,
				C8D1E69121E35AFE009AFCB0 /* Main.storyboard in Resources */,
			);
			runOnlyForDeploymentPostprocessing = 0;
		};
/* End PBXResourcesBuildPhase section */

/* Begin PBXSourcesBuildPhase section */
		C8D1E68221E35AFE009AFCB0 /* Sources */ = {
			isa = PBXSourcesBuildPhase;
			buildActionMask = 2147483647;
			files = (
				C8D1E68E21E35AFE009AFCB0 /* ViewController.swift in Sources */,
				C8D1E68A21E35AFE009AFCB0 /* AppDelegate.swift in Sources */,
			);
			runOnlyForDeploymentPostprocessing = 0;
		};
/* End PBXSourcesBuildPhase section */

/* Begin PBXVariantGroup section */
		C8D1E68F21E35AFE009AFCB0 /* Main.storyboard */ = {
			isa = PBXVariantGroup;
			children = (
				C8D1E69021E35AFE009AFCB0 /* Base */,
			);
			name = Main.storyboard;
			sourceTree = "<group>";
		};
		C8D1E69421E35B01009AFCB0 /* LaunchScreen.storyboard */ = {
			isa = PBXVariantGroup;
			children = (
				C8D1E69521E35B01009AFCB0 /* Base */,
			);
			name = LaunchScreen.storyboard;
			sourceTree = "<group>";
		};
/* End PBXVariantGroup section */

/* Begin XCBuildConfiguration section */
		C8D1E69821E35B01009AFCB0 /* Debug */ = {
			isa = XCBuildConfiguration;
			buildSettings = {
				ALWAYS_SEARCH_USER_PATHS = NO;
				CLANG_ANALYZER_NONNULL = YES;
				CLANG_ANALYZER_NUMBER_OBJECT_CONVERSION = YES_AGGRESSIVE;
				CLANG_CXX_LANGUAGE_STANDARD = "gnu++14";
				CLANG_CXX_LIBRARY = "libc++";
				CLANG_ENABLE_MODULES = YES;
				CLANG_ENABLE_OBJC_ARC = YES;
				CLANG_ENABLE_OBJC_WEAK = YES;
				CLANG_WARN_BLOCK_CAPTURE_AUTORELEASING = YES;
				CLANG_WARN_BOOL_CONVERSION = YES;
				CLANG_WARN_COMMA = YES;
				CLANG_WARN_CONSTANT_CONVERSION = YES;
				CLANG_WARN_DEPRECATED_OBJC_IMPLEMENTATIONS = YES;
				CLANG_WARN_DIRECT_OBJC_ISA_USAGE = YES_ERROR;
				CLANG_WARN_DOCUMENTATION_COMMENTS = YES;
				CLANG_WARN_EMPTY_BODY = YES;
				CLANG_WARN_ENUM_CONVERSION = YES;
				CLANG_WARN_INFINITE_RECURSION = YES;
				CLANG_WARN_INT_CONVERSION = YES;
				CLANG_WARN_NON_LITERAL_NULL_CONVERSION = YES;
				CLANG_WARN_OBJC_IMPLICIT_RETAIN_SELF = YES;
				CLANG_WARN_OBJC_LITERAL_CONVERSION = YES;
				CLANG_WARN_OBJC_ROOT_CLASS = YES_ERROR;
				CLANG_WARN_RANGE_LOOP_ANALYSIS = YES;
				CLANG_WARN_STRICT_PROTOTYPES = YES;
				CLANG_WARN_SUSPICIOUS_MOVE = YES;
				CLANG_WARN_UNGUARDED_AVAILABILITY = YES_AGGRESSIVE;
				CLANG_WARN_UNREACHABLE_CODE = YES;
				CLANG_WARN__DUPLICATE_METHOD_MATCH = YES;
				CODE_SIGN_IDENTITY = "iPhone Developer";
				COPY_PHASE_STRIP = NO;
				DEBUG_INFORMATION_FORMAT = dwarf;
				ENABLE_STRICT_OBJC_MSGSEND = YES;
				ENABLE_TESTABILITY = YES;
				GCC_C_LANGUAGE_STANDARD = gnu11;
				GCC_DYNAMIC_NO_PIC = NO;
				GCC_NO_COMMON_BLOCKS = YES;
				GCC_OPTIMIZATION_LEVEL = 0;
				GCC_PREPROCESSOR_DEFINITIONS = (
					"DEBUG=1",
					"$(inherited)",
				);
				GCC_WARN_64_TO_32_BIT_CONVERSION = YES;
				GCC_WARN_ABOUT_RETURN_TYPE = YES_ERROR;
				GCC_WARN_UNDECLARED_SELECTOR = YES;
				GCC_WARN_UNINITIALIZED_AUTOS = YES_AGGRESSIVE;
				GCC_WARN_UNUSED_FUNCTION = YES;
				GCC_WARN_UNUSED_VARIABLE = YES;
				IPHONEOS_DEPLOYMENT_TARGET = 12.1;
				MTL_ENABLE_DEBUG_INFO = INCLUDE_SOURCE;
				MTL_FAST_MATH = YES;
				ONLY_ACTIVE_ARCH = YES;
				SDKROOT = iphoneos;
				SWIFT_ACTIVE_COMPILATION_CONDITIONS = DEBUG;
				SWIFT_OPTIMIZATION_LEVEL = "-Onone";
			};
			name = Debug;
		};
		C8D1E69921E35B01009AFCB0 /* Release */ = {
			isa = XCBuildConfiguration;
			buildSettings = {
				ALWAYS_SEARCH_USER_PATHS = NO;
				CLANG_ANALYZER_NONNULL = YES;
				CLANG_ANALYZER_NUMBER_OBJECT_CONVERSION = YES_AGGRESSIVE;
				CLANG_CXX_LANGUAGE_STANDARD = "gnu++14";
				CLANG_CXX_LIBRARY = "libc++";
				CLANG_ENABLE_MODULES = YES;
				CLANG_ENABLE_OBJC_ARC = YES;
				CLANG_ENABLE_OBJC_WEAK = YES;
				CLANG_WARN_BLOCK_CAPTURE_AUTORELEASING = YES;
				CLANG_WARN_BOOL_CONVERSION = YES;
				CLANG_WARN_COMMA = YES;
				CLANG_WARN_CONSTANT_CONVERSION = YES;
				CLANG_WARN_DEPRECATED_OBJC_IMPLEMENTATIONS = YES;
				CLANG_WARN_DIRECT_OBJC_ISA_USAGE = YES_ERROR;
				CLANG_WARN_DOCUMENTATION_COMMENTS = YES;
				CLANG_WARN_EMPTY_BODY = YES;
				CLANG_WARN_ENUM_CONVERSION = YES;
				CLANG_WARN_INFINITE_RECURSION = YES;
				CLANG_WARN_INT_CONVERSION = YES;
				CLANG_WARN_NON_LITERAL_NULL_CONVERSION = YES;
				CLANG_WARN_OBJC_IMPLICIT_RETAIN_SELF = YES;
				CLANG_WARN_OBJC_LITERAL_CONVERSION = YES;
				CLANG_WARN_OBJC_ROOT_CLASS = YES_ERROR;
				CLANG_WARN_RANGE_LOOP_ANALYSIS = YES;
				CLANG_WARN_STRICT_PROTOTYPES = YES;
				CLANG_WARN_SUSPICIOUS_MOVE = YES;
				CLANG_WARN_UNGUARDED_AVAILABILITY = YES_AGGRESSIVE;
				CLANG_WARN_UNREACHABLE_CODE = YES;
				CLANG_WARN__DUPLICATE_METHOD_MATCH = YES;
				CODE_SIGN_IDENTITY = "iPhone Developer";
				COPY_PHASE_STRIP = NO;
				DEBUG_INFORMATION_FORMAT = "dwarf-with-dsym";
				ENABLE_NS_ASSERTIONS = NO;
				ENABLE_STRICT_OBJC_MSGSEND = YES;
				GCC_C_LANGUAGE_STANDARD = gnu11;
				GCC_NO_COMMON_BLOCKS = YES;
				GCC_WARN_64_TO_32_BIT_CONVERSION = YES;
				GCC_WARN_ABOUT_RETURN_TYPE = YES_ERROR;
				GCC_WARN_UNDECLARED_SELECTOR = YES;
				GCC_WARN_UNINITIALIZED_AUTOS = YES_AGGRESSIVE;
				GCC_WARN_UNUSED_FUNCTION = YES;
				GCC_WARN_UNUSED_VARIABLE = YES;
				IPHONEOS_DEPLOYMENT_TARGET = 12.1;
				MTL_ENABLE_DEBUG_INFO = NO;
				MTL_FAST_MATH = YES;
				SDKROOT = iphoneos;
				SWIFT_COMPILATION_MODE = wholemodule;
				SWIFT_OPTIMIZATION_LEVEL = "-O";
				VALIDATE_PRODUCT = YES;
			};
			name = Release;
		};
		C8D1E69B21E35B01009AFCB0 /* Debug */ = {
			isa = XCBuildConfiguration;
			buildSettings = {
				ASSETCATALOG_COMPILER_APPICON_NAME = AppIcon;
				CODE_SIGN_STYLE = Automatic;
				DEVELOPMENT_TEAM = 4EEDAR4AHC;
				INFOPLIST_FILE = RealTimeRectangleDetection/Info.plist;
				LD_RUNPATH_SEARCH_PATHS = (
					"$(inherited)",
					"@executable_path/Frameworks",
				);
				PRODUCT_BUNDLE_IDENTIFIER = nsunrise.com.RealTimeRectangleDetection;
				PRODUCT_NAME = "$(TARGET_NAME)";
				SWIFT_VERSION = 4.2;
				TARGETED_DEVICE_FAMILY = "1,2";
			};
			name = Debug;
		};
		C8D1E69C21E35B01009AFCB0 /* Release */ = {
			isa = XCBuildConfiguration;
			buildSettings = {
				ASSETCATALOG_COMPILER_APPICON_NAME = AppIcon;
				CODE_SIGN_STYLE = Automatic;
				DEVELOPMENT_TEAM = 4EEDAR4AHC;
				INFOPLIST_FILE = RealTimeRectangleDetection/Info.plist;
				LD_RUNPATH_SEARCH_PATHS = (
					"$(inherited)",
					"@executable_path/Frameworks",
				);
				PRODUCT_BUNDLE_IDENTIFIER = nsunrise.com.RealTimeRectangleDetection;
				PRODUCT_NAME = "$(TARGET_NAME)";
				SWIFT_VERSION = 4.2;
				TARGETED_DEVICE_FAMILY = "1,2";
			};
			name = Release;
		};
/* End XCBuildConfiguration section */

/* Begin XCConfigurationList section */
		C8D1E68121E35AFE009AFCB0 /* Build configuration list for PBXProject "RealTimeRectangleDetection" */ = {
			isa = XCConfigurationList;
			buildConfigurations = (
				C8D1E69821E35B01009AFCB0 /* Debug */,
				C8D1E69921E35B01009AFCB0 /* Release */,
			);
			defaultConfigurationIsVisible = 0;
			defaultConfigurationName = Release;
		};
		C8D1E69A21E35B01009AFCB0 /* Build configuration list for PBXNativeTarget "RealTimeRectangleDetection" */ = {
			isa = XCConfigurationList;
			buildConfigurations = (
				C8D1E69B21E35B01009AFCB0 /* Debug */,
				C8D1E69C21E35B01009AFCB0 /* Release */,
			);
			defaultConfigurationIsVisible = 0;
			defaultConfigurationName = Release;
		};
/* End XCConfigurationList section */
	};
	rootObject = C8D1E67E21E35AFE009AFCB0 /* Project object */;
}
